
Microsoft Visual Studio Solution File, Format Version 12.00
# Visual Studio Version 16
VisualStudioVersion = 16.0.29403.142
MinimumVisualStudioVersion = 10.0.40219.1
Project("{FAE04EC0-301F-11D3-BF4B-00C04F79EFBC}") = "PQM_v01", "PQM_v01\PQM_v01.csproj", "{E7B58600-ED41-4CF1-B781-1F2FF8C45C04}"
EndProject
Global
	GlobalSection(SolutionConfigurationPlatforms) = preSolution
		Debug|Any CPU = Debug|Any CPU
		Release|Any CPU = Release|Any CPU
	EndGlobalSection
	GlobalSection(ProjectConfigurationPlatforms) = postSolution
		{E7B58600-ED41-4CF1-B781-1F2FF8C45C04}.Debug|Any CPU.ActiveCfg = Debug|Any CPU
		{E7B58600-ED41-4CF1-B781-1F2FF8C45C04}.Debug|Any CPU.Build.0 = Debug|Any CPU
		{E7B58600-ED41-4CF1-B781-1F2FF8C45C04}.Release|Any CPU.ActiveCfg = Release|Any CPU
		{E7B58600-ED41-4CF1-B781-1F2FF8C45C04}.Release|Any CPU.Build.0 = Release|Any CPU
	EndGlobalSection
	GlobalSection(SolutionProperties) = preSolution
		HideSolutionNode = FALSE
	EndGlobalSection
	GlobalSection(ExtensibilityGlobals) = postSolution
		SolutionGuid = {20733DAC-3663-4C1A-A835-400CFF166658}
	EndGlobalSection
EndGlobal
